// !$*UTF8*$!
{
	archiveVersion = 1;
	classes = {
	};
	objectVersion = 50;
	objects = {

/* Begin PBXBuildFile section */
		1B4E27B3232436FD002C8D2D /* PersistentContainer.swift in Sources */ = {isa = PBXBuildFile; fileRef = 1B4E27B2232436FD002C8D2D /* PersistentContainer.swift */; };
		1B5DE635231314CC00E1D7BB /* TaskModel.xcdatamodeld in Sources */ = {isa = PBXBuildFile; fileRef = 1B5DE633231314CC00E1D7BB /* TaskModel.xcdatamodeld */; };
		1BF94C6E22EF8896008B452B /* NewTaskViewController.swift in Sources */ = {isa = PBXBuildFile; fileRef = 1BF94C6C22EF8896008B452B /* NewTaskViewController.swift */; };
		1BF94C6F22EF8896008B452B /* NewTaskViewController.xib in Resources */ = {isa = PBXBuildFile; fileRef = 1BF94C6D22EF8896008B452B /* NewTaskViewController.xib */; };
		1BFF77B522A5C4E000E0E20B /* AppDelegate.swift in Sources */ = {isa = PBXBuildFile; fileRef = 1BFF77B422A5C4E000E0E20B /* AppDelegate.swift */; };
		1BFF77B722A5C4E200E0E20B /* Assets.xcassets in Resources */ = {isa = PBXBuildFile; fileRef = 1BFF77B622A5C4E200E0E20B /* Assets.xcassets */; };
		AD07438522AED78200C17649 /* UncompletedTaskViewController.swift in Sources */ = {isa = PBXBuildFile; fileRef = AD07438422AED78200C17649 /* UncompletedTaskViewController.swift */; };
		AD07438722AED84300C17649 /* UncompleteTasktViewController.xib in Resources */ = {isa = PBXBuildFile; fileRef = AD07438622AED84300C17649 /* UncompleteTasktViewController.xib */; };
		AD07438922AED8ED00C17649 /* MainMenu.xib in Resources */ = {isa = PBXBuildFile; fileRef = AD07438822AED8ED00C17649 /* MainMenu.xib */; };
		AD42212F22F77FF20079CF93 /* TaskListController.swift in Sources */ = {isa = PBXBuildFile; fileRef = AD42212E22F77FF20079CF93 /* TaskListController.swift */; };
		AD42213222F78E760079CF93 /* CompletedTaskViewController.swift in Sources */ = {isa = PBXBuildFile; fileRef = AD42213022F78E760079CF93 /* CompletedTaskViewController.swift */; };
		AD42213322F78E760079CF93 /* CompletedTaskViewController.xib in Resources */ = {isa = PBXBuildFile; fileRef = AD42213122F78E760079CF93 /* CompletedTaskViewController.xib */; };
		ADA8328722C6E5C300DDBE6F /* TaskTableCellView.swift in Sources */ = {isa = PBXBuildFile; fileRef = ADA8328622C6E5C300DDBE6F /* TaskTableCellView.swift */; };
		ADB9C728232DE1490012898F /* TaskListsController.swift in Sources */ = {isa = PBXBuildFile; fileRef = ADB9C727232DE1490012898F /* TaskListsController.swift */; };
/* End PBXBuildFile section */

/* Begin PBXContainerItemProxy section */
		1BFF780A22AB269100E0E20B /* PBXContainerItemProxy */ = {
			isa = PBXContainerItemProxy;
			containerPortal = 1BFF77A922A5C4E000E0E20B /* Project object */;
			proxyType = 1;
			remoteGlobalIDString = 1BFF77B022A5C4E000E0E20B;
			remoteInfo = "Check-It";
		};
/* End PBXContainerItemProxy section */

/* Begin PBXFileReference section */
		1B4E27B2232436FD002C8D2D /* PersistentContainer.swift */ = {isa = PBXFileReference; lastKnownFileType = sourcecode.swift; path = PersistentContainer.swift; sourceTree = "<group>"; };
		1B5DE634231314CC00E1D7BB /* TaskModel.xcdatamodel */ = {isa = PBXFileReference; lastKnownFileType = wrapper.xcdatamodel; path = TaskModel.xcdatamodel; sourceTree = "<group>"; };
		1BF94C6C22EF8896008B452B /* NewTaskViewController.swift */ = {isa = PBXFileReference; lastKnownFileType = sourcecode.swift; path = NewTaskViewController.swift; sourceTree = "<group>"; };
		1BF94C6D22EF8896008B452B /* NewTaskViewController.xib */ = {isa = PBXFileReference; lastKnownFileType = file.xib; path = NewTaskViewController.xib; sourceTree = "<group>"; };
		1BFF77B122A5C4E000E0E20B /* Check-It.app */ = {isa = PBXFileReference; explicitFileType = wrapper.application; includeInIndex = 0; path = "Check-It.app"; sourceTree = BUILT_PRODUCTS_DIR; };
		1BFF77B422A5C4E000E0E20B /* AppDelegate.swift */ = {isa = PBXFileReference; lastKnownFileType = sourcecode.swift; path = AppDelegate.swift; sourceTree = "<group>"; };
		1BFF77B622A5C4E200E0E20B /* Assets.xcassets */ = {isa = PBXFileReference; lastKnownFileType = folder.assetcatalog; path = Assets.xcassets; sourceTree = "<group>"; };
		1BFF77BB22A5C4E200E0E20B /* Info.plist */ = {isa = PBXFileReference; lastKnownFileType = text.plist.xml; path = Info.plist; sourceTree = "<group>"; };
		1BFF77BC22A5C4E200E0E20B /* Check_It.entitlements */ = {isa = PBXFileReference; lastKnownFileType = text.plist.entitlements; path = Check_It.entitlements; sourceTree = "<group>"; };
		1BFF780522AB269100E0E20B /* Check-ItTests.xctest */ = {isa = PBXFileReference; explicitFileType = wrapper.cfbundle; includeInIndex = 0; path = "Check-ItTests.xctest"; sourceTree = BUILT_PRODUCTS_DIR; };
		AD07438422AED78200C17649 /* UncompletedTaskViewController.swift */ = {isa = PBXFileReference; lastKnownFileType = sourcecode.swift; path = UncompletedTaskViewController.swift; sourceTree = "<group>"; };
		AD07438622AED84300C17649 /* UncompleteTasktViewController.xib */ = {isa = PBXFileReference; lastKnownFileType = file.xib; path = UncompleteTasktViewController.xib; sourceTree = "<group>"; };
		AD07438822AED8ED00C17649 /* MainMenu.xib */ = {isa = PBXFileReference; fileEncoding = 4; lastKnownFileType = file.xib; path = MainMenu.xib; sourceTree = "<group>"; };
		AD42212E22F77FF20079CF93 /* TaskListController.swift */ = {isa = PBXFileReference; lastKnownFileType = sourcecode.swift; path = TaskListController.swift; sourceTree = "<group>"; };
		AD42213022F78E760079CF93 /* CompletedTaskViewController.swift */ = {isa = PBXFileReference; lastKnownFileType = sourcecode.swift; path = CompletedTaskViewController.swift; sourceTree = "<group>"; };
		AD42213122F78E760079CF93 /* CompletedTaskViewController.xib */ = {isa = PBXFileReference; lastKnownFileType = file.xib; path = CompletedTaskViewController.xib; sourceTree = "<group>"; };
		ADA8328622C6E5C300DDBE6F /* TaskTableCellView.swift */ = {isa = PBXFileReference; lastKnownFileType = sourcecode.swift; path = TaskTableCellView.swift; sourceTree = "<group>"; };
		ADB9C727232DE1490012898F /* TaskListsController.swift */ = {isa = PBXFileReference; lastKnownFileType = sourcecode.swift; path = TaskListsController.swift; sourceTree = "<group>"; };
/* End PBXFileReference section */

/* Begin PBXFrameworksBuildPhase section */
		1BFF77AE22A5C4E000E0E20B /* Frameworks */ = {
			isa = PBXFrameworksBuildPhase;
			buildActionMask = 2147483647;
			files = (
			);
			runOnlyForDeploymentPostprocessing = 0;
		};
		1BFF780222AB269100E0E20B /* Frameworks */ = {
			isa = PBXFrameworksBuildPhase;
			buildActionMask = 2147483647;
			files = (
			);
			runOnlyForDeploymentPostprocessing = 0;
		};
/* End PBXFrameworksBuildPhase section */

/* Begin PBXGroup section */
		1BF94C7022EF88AC008B452B /* Controllers */ = {
			isa = PBXGroup;
			children = (
				ADB9C729232DE2D20012898F /* Xib files */,
				1BFF77B422A5C4E000E0E20B /* AppDelegate.swift */,
				AD07438422AED78200C17649 /* UncompletedTaskViewController.swift */,
				AD42213022F78E760079CF93 /* CompletedTaskViewController.swift */,
				1BF94C6C22EF8896008B452B /* NewTaskViewController.swift */,
				AD42212E22F77FF20079CF93 /* TaskListController.swift */,
				ADB9C727232DE1490012898F /* TaskListsController.swift */,
				1B4E27B2232436FD002C8D2D /* PersistentContainer.swift */,
			);
			path = Controllers;
			sourceTree = "<group>";
		};
		1BF94C7122EF88BF008B452B /* Models */ = {
			isa = PBXGroup;
			children = (
				1B5DE633231314CC00E1D7BB /* TaskModel.xcdatamodeld */,
			);
			path = Models;
			sourceTree = "<group>";
		};
		1BF94C7222EF8A9A008B452B /* Views */ = {
			isa = PBXGroup;
			children = (
				ADA8328622C6E5C300DDBE6F /* TaskTableCellView.swift */,
			);
			path = Views;
			sourceTree = "<group>";
		};
		1BFF77A822A5C4E000E0E20B = {
			isa = PBXGroup;
			children = (
				1BFF77B322A5C4E000E0E20B /* Check-It */,
				1BFF77B222A5C4E000E0E20B /* Products */,
			);
			sourceTree = "<group>";
		};
		1BFF77B222A5C4E000E0E20B /* Products */ = {
			isa = PBXGroup;
			children = (
				1BFF77B122A5C4E000E0E20B /* Check-It.app */,
				1BFF780522AB269100E0E20B /* Check-ItTests.xctest */,
			);
			name = Products;
			sourceTree = "<group>";
		};
		1BFF77B322A5C4E000E0E20B /* Check-It */ = {
			isa = PBXGroup;
			children = (
				1BF94C7222EF8A9A008B452B /* Views */,
				1BF94C7122EF88BF008B452B /* Models */,
				1BF94C7022EF88AC008B452B /* Controllers */,
				1BFF77B622A5C4E200E0E20B /* Assets.xcassets */,
				1BFF77BB22A5C4E200E0E20B /* Info.plist */,
				1BFF77BC22A5C4E200E0E20B /* Check_It.entitlements */,
			);
			path = "Check-It";
			sourceTree = "<group>";
		};
		ADB9C729232DE2D20012898F /* Xib files */ = {
			isa = PBXGroup;
			children = (
				AD07438822AED8ED00C17649 /* MainMenu.xib */,
				AD07438622AED84300C17649 /* UncompleteTasktViewController.xib */,
				AD42213122F78E760079CF93 /* CompletedTaskViewController.xib */,
				1BF94C6D22EF8896008B452B /* NewTaskViewController.xib */,
			);
			path = "Xib files";
			sourceTree = "<group>";
		};
/* End PBXGroup section */

/* Begin PBXNativeTarget section */
		1BFF77B022A5C4E000E0E20B /* Check-It */ = {
			isa = PBXNativeTarget;
			buildConfigurationList = 1BFF77BF22A5C4E200E0E20B /* Build configuration list for PBXNativeTarget "Check-It" */;
			buildPhases = (
				1BFF77AD22A5C4E000E0E20B /* Sources */,
				1BFF77AE22A5C4E000E0E20B /* Frameworks */,
				1BFF77AF22A5C4E000E0E20B /* Resources */,
			);
			buildRules = (
			);
			dependencies = (
			);
			name = "Check-It";
			productName = "Check-It";
			productReference = 1BFF77B122A5C4E000E0E20B /* Check-It.app */;
			productType = "com.apple.product-type.application";
		};
		1BFF780422AB269100E0E20B /* Check-ItTests */ = {
			isa = PBXNativeTarget;
			buildConfigurationList = 1BFF780E22AB269100E0E20B /* Build configuration list for PBXNativeTarget "Check-ItTests" */;
			buildPhases = (
				1BFF780122AB269100E0E20B /* Sources */,
				1BFF780222AB269100E0E20B /* Frameworks */,
				1BFF780322AB269100E0E20B /* Resources */,
			);
			buildRules = (
			);
			dependencies = (
				1BFF780B22AB269100E0E20B /* PBXTargetDependency */,
			);
			name = "Check-ItTests";
			productName = "Check-ItTests";
			productReference = 1BFF780522AB269100E0E20B /* Check-ItTests.xctest */;
			productType = "com.apple.product-type.bundle.unit-test";
		};
/* End PBXNativeTarget section */

/* Begin PBXProject section */
		1BFF77A922A5C4E000E0E20B /* Project object */ = {
			isa = PBXProject;
			attributes = {
				LastSwiftUpdateCheck = 1020;
				LastUpgradeCheck = 1020;
				ORGANIZATIONNAME = Allegory;
				TargetAttributes = {
					1BFF77B022A5C4E000E0E20B = {
						CreatedOnToolsVersion = 10.2.1;
					};
					1BFF780422AB269100E0E20B = {
						CreatedOnToolsVersion = 10.2.1;
						TestTargetID = 1BFF77B022A5C4E000E0E20B;
					};
				};
			};
			buildConfigurationList = 1BFF77AC22A5C4E000E0E20B /* Build configuration list for PBXProject "Check-It" */;
			compatibilityVersion = "Xcode 9.3";
			developmentRegion = en;
			hasScannedForEncodings = 0;
			knownRegions = (
				en,
				Base,
			);
			mainGroup = 1BFF77A822A5C4E000E0E20B;
			productRefGroup = 1BFF77B222A5C4E000E0E20B /* Products */;
			projectDirPath = "";
			projectRoot = "";
			targets = (
				1BFF77B022A5C4E000E0E20B /* Check-It */,
				1BFF780422AB269100E0E20B /* Check-ItTests */,
			);
		};
/* End PBXProject section */

/* Begin PBXResourcesBuildPhase section */
		1BFF77AF22A5C4E000E0E20B /* Resources */ = {
			isa = PBXResourcesBuildPhase;
			buildActionMask = 2147483647;
			files = (
				AD07438722AED84300C17649 /* UncompleteTasktViewController.xib in Resources */,
				AD42213322F78E760079CF93 /* CompletedTaskViewController.xib in Resources */,
				1BFF77B722A5C4E200E0E20B /* Assets.xcassets in Resources */,
				AD07438922AED8ED00C17649 /* MainMenu.xib in Resources */,
				1BF94C6F22EF8896008B452B /* NewTaskViewController.xib in Resources */,
			);
			runOnlyForDeploymentPostprocessing = 0;
		};
		1BFF780322AB269100E0E20B /* Resources */ = {
			isa = PBXResourcesBuildPhase;
			buildActionMask = 2147483647;
			files = (
			);
			runOnlyForDeploymentPostprocessing = 0;
		};
/* End PBXResourcesBuildPhase section */

/* Begin PBXSourcesBuildPhase section */
		1BFF77AD22A5C4E000E0E20B /* Sources */ = {
			isa = PBXSourcesBuildPhase;
			buildActionMask = 2147483647;
			files = (
				1B4E27B3232436FD002C8D2D /* PersistentContainer.swift in Sources */,
				ADA8328722C6E5C300DDBE6F /* TaskTableCellView.swift in Sources */,
				1BF94C6E22EF8896008B452B /* NewTaskViewController.swift in Sources */,
				AD42212F22F77FF20079CF93 /* TaskListController.swift in Sources */,
				AD07438522AED78200C17649 /* UncompletedTaskViewController.swift in Sources */,
				1B5DE635231314CC00E1D7BB /* TaskModel.xcdatamodeld in Sources */,
				AD42213222F78E760079CF93 /* CompletedTaskViewController.swift in Sources */,
				1BFF77B522A5C4E000E0E20B /* AppDelegate.swift in Sources */,
				ADB9C728232DE1490012898F /* TaskListsController.swift in Sources */,
			);
			runOnlyForDeploymentPostprocessing = 0;
		};
		1BFF780122AB269100E0E20B /* Sources */ = {
			isa = PBXSourcesBuildPhase;
			buildActionMask = 2147483647;
			files = (
			);
			runOnlyForDeploymentPostprocessing = 0;
		};
/* End PBXSourcesBuildPhase section */

/* Begin PBXTargetDependency section */
		1BFF780B22AB269100E0E20B /* PBXTargetDependency */ = {
			isa = PBXTargetDependency;
			target = 1BFF77B022A5C4E000E0E20B /* Check-It */;
			targetProxy = 1BFF780A22AB269100E0E20B /* PBXContainerItemProxy */;
		};
/* End PBXTargetDependency section */

/* Begin XCBuildConfiguration section */
		1BFF77BD22A5C4E200E0E20B /* Debug */ = {
			isa = XCBuildConfiguration;
			buildSettings = {
				ALWAYS_SEARCH_USER_PATHS = NO;
				CLANG_ANALYZER_NONNULL = YES;
				CLANG_ANALYZER_NUMBER_OBJECT_CONVERSION = YES_AGGRESSIVE;
				CLANG_CXX_LANGUAGE_STANDARD = "gnu++14";
				CLANG_CXX_LIBRARY = "libc++";
				CLANG_ENABLE_MODULES = YES;
				CLANG_ENABLE_OBJC_ARC = YES;
				CLANG_ENABLE_OBJC_WEAK = YES;
				CLANG_WARN_BLOCK_CAPTURE_AUTORELEASING = YES;
				CLANG_WARN_BOOL_CONVERSION = YES;
				CLANG_WARN_COMMA = YES;
				CLANG_WARN_CONSTANT_CONVERSION = YES;
				CLANG_WARN_DEPRECATED_OBJC_IMPLEMENTATIONS = YES;
				CLANG_WARN_DIRECT_OBJC_ISA_USAGE = YES_ERROR;
				CLANG_WARN_DOCUMENTATION_COMMENTS = YES;
				CLANG_WARN_EMPTY_BODY = YES;
				CLANG_WARN_ENUM_CONVERSION = YES;
				CLANG_WARN_INFINITE_RECURSION = YES;
				CLANG_WARN_INT_CONVERSION = YES;
				CLANG_WARN_NON_LITERAL_NULL_CONVERSION = YES;
				CLANG_WARN_OBJC_IMPLICIT_RETAIN_SELF = YES;
				CLANG_WARN_OBJC_LITERAL_CONVERSION = YES;
				CLANG_WARN_OBJC_ROOT_CLASS = YES_ERROR;
				CLANG_WARN_RANGE_LOOP_ANALYSIS = YES;
				CLANG_WARN_STRICT_PROTOTYPES = YES;
				CLANG_WARN_SUSPICIOUS_MOVE = YES;
				CLANG_WARN_UNGUARDED_AVAILABILITY = YES_AGGRESSIVE;
				CLANG_WARN_UNREACHABLE_CODE = YES;
				CLANG_WARN__DUPLICATE_METHOD_MATCH = YES;
				CODE_SIGN_IDENTITY = "Mac Developer";
				COPY_PHASE_STRIP = NO;
				DEBUG_INFORMATION_FORMAT = dwarf;
				ENABLE_STRICT_OBJC_MSGSEND = YES;
				ENABLE_TESTABILITY = YES;
				GCC_C_LANGUAGE_STANDARD = gnu11;
				GCC_DYNAMIC_NO_PIC = NO;
				GCC_NO_COMMON_BLOCKS = YES;
				GCC_OPTIMIZATION_LEVEL = 0;
				GCC_PREPROCESSOR_DEFINITIONS = (
					"DEBUG=1",
					"$(inherited)",
				);
				GCC_WARN_64_TO_32_BIT_CONVERSION = YES;
				GCC_WARN_ABOUT_RETURN_TYPE = YES_ERROR;
				GCC_WARN_UNDECLARED_SELECTOR = YES;
				GCC_WARN_UNINITIALIZED_AUTOS = YES_AGGRESSIVE;
				GCC_WARN_UNUSED_FUNCTION = YES;
				GCC_WARN_UNUSED_VARIABLE = YES;
				MACOSX_DEPLOYMENT_TARGET = 10.14;
				MTL_ENABLE_DEBUG_INFO = INCLUDE_SOURCE;
				MTL_FAST_MATH = YES;
				ONLY_ACTIVE_ARCH = YES;
				SDKROOT = macosx;
				SWIFT_ACTIVE_COMPILATION_CONDITIONS = DEBUG;
				SWIFT_OPTIMIZATION_LEVEL = "-Onone";
			};
			name = Debug;
		};
		1BFF77BE22A5C4E200E0E20B /* Release */ = {
			isa = XCBuildConfiguration;
			buildSettings = {
				ALWAYS_SEARCH_USER_PATHS = NO;
				CLANG_ANALYZER_NONNULL = YES;
				CLANG_ANALYZER_NUMBER_OBJECT_CONVERSION = YES_AGGRESSIVE;
				CLANG_CXX_LANGUAGE_STANDARD = "gnu++14";
				CLANG_CXX_LIBRARY = "libc++";
				CLANG_ENABLE_MODULES = YES;
				CLANG_ENABLE_OBJC_ARC = YES;
				CLANG_ENABLE_OBJC_WEAK = YES;
				CLANG_WARN_BLOCK_CAPTURE_AUTORELEASING = YES;
				CLANG_WARN_BOOL_CONVERSION = YES;
				CLANG_WARN_COMMA = YES;
				CLANG_WARN_CONSTANT_CONVERSION = YES;
				CLANG_WARN_DEPRECATED_OBJC_IMPLEMENTATIONS = YES;
				CLANG_WARN_DIRECT_OBJC_ISA_USAGE = YES_ERROR;
				CLANG_WARN_DOCUMENTATION_COMMENTS = YES;
				CLANG_WARN_EMPTY_BODY = YES;
				CLANG_WARN_ENUM_CONVERSION = YES;
				CLANG_WARN_INFINITE_RECURSION = YES;
				CLANG_WARN_INT_CONVERSION = YES;
				CLANG_WARN_NON_LITERAL_NULL_CONVERSION = YES;
				CLANG_WARN_OBJC_IMPLICIT_RETAIN_SELF = YES;
				CLANG_WARN_OBJC_LITERAL_CONVERSION = YES;
				CLANG_WARN_OBJC_ROOT_CLASS = YES_ERROR;
				CLANG_WARN_RANGE_LOOP_ANALYSIS = YES;
				CLANG_WARN_STRICT_PROTOTYPES = YES;
				CLANG_WARN_SUSPICIOUS_MOVE = YES;
				CLANG_WARN_UNGUARDED_AVAILABILITY = YES_AGGRESSIVE;
				CLANG_WARN_UNREACHABLE_CODE = YES;
				CLANG_WARN__DUPLICATE_METHOD_MATCH = YES;
				CODE_SIGN_IDENTITY = "Mac Developer";
				COPY_PHASE_STRIP = NO;
				DEBUG_INFORMATION_FORMAT = "dwarf-with-dsym";
				ENABLE_NS_ASSERTIONS = NO;
				ENABLE_STRICT_OBJC_MSGSEND = YES;
				GCC_C_LANGUAGE_STANDARD = gnu11;
				GCC_NO_COMMON_BLOCKS = YES;
				GCC_WARN_64_TO_32_BIT_CONVERSION = YES;
				GCC_WARN_ABOUT_RETURN_TYPE = YES_ERROR;
				GCC_WARN_UNDECLARED_SELECTOR = YES;
				GCC_WARN_UNINITIALIZED_AUTOS = YES_AGGRESSIVE;
				GCC_WARN_UNUSED_FUNCTION = YES;
				GCC_WARN_UNUSED_VARIABLE = YES;
				MACOSX_DEPLOYMENT_TARGET = 10.14;
				MTL_ENABLE_DEBUG_INFO = NO;
				MTL_FAST_MATH = YES;
				SDKROOT = macosx;
				SWIFT_COMPILATION_MODE = wholemodule;
				SWIFT_OPTIMIZATION_LEVEL = "-O";
			};
			name = Release;
		};
		1BFF77C022A5C4E200E0E20B /* Debug */ = {
			isa = XCBuildConfiguration;
			buildSettings = {
				ASSETCATALOG_COMPILER_APPICON_NAME = AppIcon;
				CODE_SIGN_ENTITLEMENTS = "Check-It/Check_It.entitlements";
				CODE_SIGN_STYLE = Automatic;
				COMBINE_HIDPI_IMAGES = YES;
				DEVELOPMENT_TEAM = FPVT6LW728;
				INFOPLIST_FILE = "Check-It/Info.plist";
				LD_RUNPATH_SEARCH_PATHS = (
					"$(inherited)",
					"@executable_path/../Frameworks",
				);
				PRODUCT_BUNDLE_IDENTIFIER = "app.allegory.Check-It";
				PRODUCT_NAME = "$(TARGET_NAME)";
				SWIFT_VERSION = 5.0;
			};
			name = Debug;
		};
		1BFF77C122A5C4E200E0E20B /* Release */ = {
			isa = XCBuildConfiguration;
			buildSettings = {
				ASSETCATALOG_COMPILER_APPICON_NAME = AppIcon;
				CODE_SIGN_ENTITLEMENTS = "Check-It/Check_It.entitlements";
				CODE_SIGN_STYLE = Automatic;
				COMBINE_HIDPI_IMAGES = YES;
				DEVELOPMENT_TEAM = FPVT6LW728;
				INFOPLIST_FILE = "Check-It/Info.plist";
				LD_RUNPATH_SEARCH_PATHS = (
					"$(inherited)",
					"@executable_path/../Frameworks",
				);
				PRODUCT_BUNDLE_IDENTIFIER = "app.allegory.Check-It";
				PRODUCT_NAME = "$(TARGET_NAME)";
				SWIFT_VERSION = 5.0;
			};
			name = Release;
		};
		1BFF780C22AB269100E0E20B /* Debug */ = {
			isa = XCBuildConfiguration;
			buildSettings = {
				BUNDLE_LOADER = "$(TEST_HOST)";
				CODE_SIGN_STYLE = Automatic;
				COMBINE_HIDPI_IMAGES = YES;
				DEVELOPMENT_TEAM = W6Y5Q44XNS;
				INFOPLIST_FILE = "Check-ItTests/Info.plist";
				LD_RUNPATH_SEARCH_PATHS = (
					"$(inherited)",
					"@executable_path/../Frameworks",
					"@loader_path/../Frameworks",
				);
				PRODUCT_BUNDLE_IDENTIFIER = "com.allegory.Check-ItTests";
				PRODUCT_NAME = "$(TARGET_NAME)";
				SWIFT_VERSION = 5.0;
				TEST_HOST = "$(BUILT_PRODUCTS_DIR)/Check-It.app/Contents/MacOS/Check-It";
			};
			name = Debug;
		};
		1BFF780D22AB269100E0E20B /* Release */ = {
			isa = XCBuildConfiguration;
			buildSettings = {
				BUNDLE_LOADER = "$(TEST_HOST)";
				CODE_SIGN_STYLE = Automatic;
				COMBINE_HIDPI_IMAGES = YES;
				DEVELOPMENT_TEAM = W6Y5Q44XNS;
				INFOPLIST_FILE = "Check-ItTests/Info.plist";
				LD_RUNPATH_SEARCH_PATHS = (
					"$(inherited)",
					"@executable_path/../Frameworks",
					"@loader_path/../Frameworks",
				);
				PRODUCT_BUNDLE_IDENTIFIER = "com.allegory.Check-ItTests";
				PRODUCT_NAME = "$(TARGET_NAME)";
				SWIFT_VERSION = 5.0;
				TEST_HOST = "$(BUILT_PRODUCTS_DIR)/Check-It.app/Contents/MacOS/Check-It";
			};
			name = Release;
		};
/* End XCBuildConfiguration section */

/* Begin XCConfigurationList section */
		1BFF77AC22A5C4E000E0E20B /* Build configuration list for PBXProject "Check-It" */ = {
			isa = XCConfigurationList;
			buildConfigurations = (
				1BFF77BD22A5C4E200E0E20B /* Debug */,
				1BFF77BE22A5C4E200E0E20B /* Release */,
			);
			defaultConfigurationIsVisible = 0;
			defaultConfigurationName = Release;
		};
		1BFF77BF22A5C4E200E0E20B /* Build configuration list for PBXNativeTarget "Check-It" */ = {
			isa = XCConfigurationList;
			buildConfigurations = (
				1BFF77C022A5C4E200E0E20B /* Debug */,
				1BFF77C122A5C4E200E0E20B /* Release */,
			);
			defaultConfigurationIsVisible = 0;
			defaultConfigurationName = Release;
		};
		1BFF780E22AB269100E0E20B /* Build configuration list for PBXNativeTarget "Check-ItTests" */ = {
			isa = XCConfigurationList;
			buildConfigurations = (
				1BFF780C22AB269100E0E20B /* Debug */,
				1BFF780D22AB269100E0E20B /* Release */,
			);
			defaultConfigurationIsVisible = 0;
			defaultConfigurationName = Release;
		};
/* End XCConfigurationList section */

/* Begin XCVersionGroup section */
		1B5DE633231314CC00E1D7BB /* TaskModel.xcdatamodeld */ = {
			isa = XCVersionGroup;
			children = (
				1B5DE634231314CC00E1D7BB /* TaskModel.xcdatamodel */,
			);
			currentVersion = 1B5DE634231314CC00E1D7BB /* TaskModel.xcdatamodel */;
			path = TaskModel.xcdatamodeld;
			sourceTree = "<group>";
			versionGroupType = wrapper.xcdatamodel;
		};
/* End XCVersionGroup section */
	};
	rootObject = 1BFF77A922A5C4E000E0E20B /* Project object */;
}
